// !$*UTF8*$!
{
	archiveVersion = 1;
	classes = {
	};
	objectVersion = 56;
	objects = {

/* Begin PBXBuildFile section */
		0164938A293781DB00F69A4F /* AppDelegate.swift in Sources */ = {isa = PBXBuildFile; fileRef = 01649389293781DB00F69A4F /* AppDelegate.swift */; };
		0164938C293781DB00F69A4F /* SceneDelegate.swift in Sources */ = {isa = PBXBuildFile; fileRef = 0164938B293781DB00F69A4F /* SceneDelegate.swift */; };
		0164938E293781DB00F69A4F /* ViewController.swift in Sources */ = {isa = PBXBuildFile; fileRef = 0164938D293781DB00F69A4F /* ViewController.swift */; };
		01649391293781DB00F69A4F /* Main.storyboard in Resources */ = {isa = PBXBuildFile; fileRef = 0164938F293781DB00F69A4F /* Main.storyboard */; };
		01649393293781DC00F69A4F /* Assets.xcassets in Resources */ = {isa = PBXBuildFile; fileRef = 01649392293781DC00F69A4F /* Assets.xcassets */; };
		01649396293781DC00F69A4F /* LaunchScreen.storyboard in Resources */ = {isa = PBXBuildFile; fileRef = 01649394293781DC00F69A4F /* LaunchScreen.storyboard */; };
		0164939F293783D600F69A4F /* DataCoreProject.xcdatamodeld in Sources */ = {isa = PBXBuildFile; fileRef = 0164939D293783D600F69A4F /* DataCoreProject.xcdatamodeld */; };
		016493A82937867800F69A4F /* Test2+CoreDataClass.swift in Sources */ = {isa = PBXBuildFile; fileRef = 016493A42937867800F69A4F /* Test2+CoreDataClass.swift */; };
		016493A92937867800F69A4F /* Test2+CoreDataProperties.swift in Sources */ = {isa = PBXBuildFile; fileRef = 016493A52937867800F69A4F /* Test2+CoreDataProperties.swift */; };
		016493AA2937867800F69A4F /* Test1+CoreDataClass.swift in Sources */ = {isa = PBXBuildFile; fileRef = 016493A62937867800F69A4F /* Test1+CoreDataClass.swift */; };
		016493AB2937867800F69A4F /* Test1+CoreDataProperties.swift in Sources */ = {isa = PBXBuildFile; fileRef = 016493A72937867800F69A4F /* Test1+CoreDataProperties.swift */; };
/* End PBXBuildFile section */

/* Begin PBXFileReference section */
		01649386293781DB00F69A4F /* DataCoreProject.app */ = {isa = PBXFileReference; explicitFileType = wrapper.application; includeInIndex = 0; path = DataCoreProject.app; sourceTree = BUILT_PRODUCTS_DIR; };
		01649389293781DB00F69A4F /* AppDelegate.swift */ = {isa = PBXFileReference; lastKnownFileType = sourcecode.swift; path = AppDelegate.swift; sourceTree = "<group>"; };
		0164938B293781DB00F69A4F /* SceneDelegate.swift */ = {isa = PBXFileReference; lastKnownFileType = sourcecode.swift; path = SceneDelegate.swift; sourceTree = "<group>"; };
		0164938D293781DB00F69A4F /* ViewController.swift */ = {isa = PBXFileReference; lastKnownFileType = sourcecode.swift; path = ViewController.swift; sourceTree = "<group>"; };
		01649390293781DB00F69A4F /* Base */ = {isa = PBXFileReference; lastKnownFileType = file.storyboard; name = Base; path = Base.lproj/Main.storyboard; sourceTree = "<group>"; };
		01649392293781DC00F69A4F /* Assets.xcassets */ = {isa = PBXFileReference; lastKnownFileType = folder.assetcatalog; path = Assets.xcassets; sourceTree = "<group>"; };
		01649395293781DC00F69A4F /* Base */ = {isa = PBXFileReference; lastKnownFileType = file.storyboard; name = Base; path = Base.lproj/LaunchScreen.storyboard; sourceTree = "<group>"; };
		01649397293781DC00F69A4F /* Info.plist */ = {isa = PBXFileReference; lastKnownFileType = text.plist.xml; path = Info.plist; sourceTree = "<group>"; };
		0164939E293783D600F69A4F /* DataCoreProject.xcdatamodel */ = {isa = PBXFileReference; lastKnownFileType = wrapper.xcdatamodel; path = DataCoreProject.xcdatamodel; sourceTree = "<group>"; };
		016493A42937867800F69A4F /* Test2+CoreDataClass.swift */ = {isa = PBXFileReference; lastKnownFileType = sourcecode.swift; path = "Test2+CoreDataClass.swift"; sourceTree = "<group>"; };
		016493A52937867800F69A4F /* Test2+CoreDataProperties.swift */ = {isa = PBXFileReference; lastKnownFileType = sourcecode.swift; path = "Test2+CoreDataProperties.swift"; sourceTree = "<group>"; };
		016493A62937867800F69A4F /* Test1+CoreDataClass.swift */ = {isa = PBXFileReference; lastKnownFileType = sourcecode.swift; path = "Test1+CoreDataClass.swift"; sourceTree = "<group>"; };
		016493A72937867800F69A4F /* Test1+CoreDataProperties.swift */ = {isa = PBXFileReference; lastKnownFileType = sourcecode.swift; path = "Test1+CoreDataProperties.swift"; sourceTree = "<group>"; };
/* End PBXFileReference section */

/* Begin PBXFrameworksBuildPhase section */
		01649383293781DB00F69A4F /* Frameworks */ = {
			isa = PBXFrameworksBuildPhase;
			buildActionMask = 2147483647;
			files = (
			);
			runOnlyForDeploymentPostprocessing = 0;
		};
/* End PBXFrameworksBuildPhase section */

/* Begin PBXGroup section */
		0164937D293781DB00F69A4F = {
			isa = PBXGroup;
			children = (
				016493A42937867800F69A4F /* Test2+CoreDataClass.swift */,
				016493A52937867800F69A4F /* Test2+CoreDataProperties.swift */,
				016493A62937867800F69A4F /* Test1+CoreDataClass.swift */,
				016493A72937867800F69A4F /* Test1+CoreDataProperties.swift */,
				01649388293781DB00F69A4F /* DataCoreProject */,
				01649387293781DB00F69A4F /* Products */,
			);
			sourceTree = "<group>";
		};
		01649387293781DB00F69A4F /* Products */ = {
			isa = PBXGroup;
			children = (
				01649386293781DB00F69A4F /* DataCoreProject.app */,
			);
			name = Products;
			sourceTree = "<group>";
		};
		01649388293781DB00F69A4F /* DataCoreProject */ = {
			isa = PBXGroup;
			children = (
				01649389293781DB00F69A4F /* AppDelegate.swift */,
				0164938B293781DB00F69A4F /* SceneDelegate.swift */,
				0164938D293781DB00F69A4F /* ViewController.swift */,
				0164938F293781DB00F69A4F /* Main.storyboard */,
				01649392293781DC00F69A4F /* Assets.xcassets */,
				01649394293781DC00F69A4F /* LaunchScreen.storyboard */,
				01649397293781DC00F69A4F /* Info.plist */,
				0164939D293783D600F69A4F /* DataCoreProject.xcdatamodeld */,
			);
			path = DataCoreProject;
			sourceTree = "<group>";
		};
/* End PBXGroup section */

/* Begin PBXNativeTarget section */
		01649385293781DB00F69A4F /* DataCoreProject */ = {
			isa = PBXNativeTarget;
			buildConfigurationList = 0164939A293781DC00F69A4F /* Build configuration list for PBXNativeTarget "DataCoreProject" */;
			buildPhases = (
				01649382293781DB00F69A4F /* Sources */,
				01649383293781DB00F69A4F /* Frameworks */,
				01649384293781DB00F69A4F /* Resources */,
			);
			buildRules = (
			);
			dependencies = (
			);
			name = DataCoreProject;
			productName = DataCoreProject;
			productReference = 01649386293781DB00F69A4F /* DataCoreProject.app */;
			productType = "com.apple.product-type.application";
		};
/* End PBXNativeTarget section */

/* Begin PBXProject section */
		0164937E293781DB00F69A4F /* Project object */ = {
			isa = PBXProject;
			attributes = {
				BuildIndependentTargetsInParallel = 1;
				LastSwiftUpdateCheck = 1410;
				LastUpgradeCheck = 1410;
				TargetAttributes = {
					01649385293781DB00F69A4F = {
						CreatedOnToolsVersion = 14.1;
					};
				};
			};
			buildConfigurationList = 01649381293781DB00F69A4F /* Build configuration list for PBXProject "DataCoreProject" */;
			compatibilityVersion = "Xcode 14.0";
			developmentRegion = en;
			hasScannedForEncodings = 0;
			knownRegions = (
				en,
				Base,
			);
			mainGroup = 0164937D293781DB00F69A4F;
			productRefGroup = 01649387293781DB00F69A4F /* Products */;
			projectDirPath = "";
			projectRoot = "";
			targets = (
				01649385293781DB00F69A4F /* DataCoreProject */,
			);
		};
/* End PBXProject section */

/* Begin PBXResourcesBuildPhase section */
		01649384293781DB00F69A4F /* Resources */ = {
			isa = PBXResourcesBuildPhase;
			buildActionMask = 2147483647;
			files = (
				01649396293781DC00F69A4F /* LaunchScreen.storyboard in Resources */,
				01649393293781DC00F69A4F /* Assets.xcassets in Resources */,
				01649391293781DB00F69A4F /* Main.storyboard in Resources */,
			);
			runOnlyForDeploymentPostprocessing = 0;
		};
/* End PBXResourcesBuildPhase section */

/* Begin PBXSourcesBuildPhase section */
		01649382293781DB00F69A4F /* Sources */ = {
			isa = PBXSourcesBuildPhase;
			buildActionMask = 2147483647;
			files = (
				016493A92937867800F69A4F /* Test2+CoreDataProperties.swift in Sources */,
				0164938E293781DB00F69A4F /* ViewController.swift in Sources */,
				016493A82937867800F69A4F /* Test2+CoreDataClass.swift in Sources */,
				0164938A293781DB00F69A4F /* AppDelegate.swift in Sources */,
				0164939F293783D600F69A4F /* DataCoreProject.xcdatamodeld in Sources */,
				016493AB2937867800F69A4F /* Test1+CoreDataProperties.swift in Sources */,
				016493AA2937867800F69A4F /* Test1+CoreDataClass.swift in Sources */,
				0164938C293781DB00F69A4F /* SceneDelegate.swift in Sources */,
			);
			runOnlyForDeploymentPostprocessing = 0;
		};
/* End PBXSourcesBuildPhase section */

/* Begin PBXVariantGroup section */
		0164938F293781DB00F69A4F /* Main.storyboard */ = {
			isa = PBXVariantGroup;
			children = (
				01649390293781DB00F69A4F /* Base */,
			);
			name = Main.storyboard;
			sourceTree = "<group>";
		};
		01649394293781DC00F69A4F /* LaunchScreen.storyboard */ = {
			isa = PBXVariantGroup;
			children = (
				01649395293781DC00F69A4F /* Base */,
			);
			name = LaunchScreen.storyboard;
			sourceTree = "<group>";
		};
/* End PBXVariantGroup section */

/* Begin XCBuildConfiguration section */
		01649398293781DC00F69A4F /* Debug */ = {
			isa = XCBuildConfiguration;
			buildSettings = {
				ALWAYS_SEARCH_USER_PATHS = NO;
				CLANG_ANALYZER_NONNULL = YES;
				CLANG_ANALYZER_NUMBER_OBJECT_CONVERSION = YES_AGGRESSIVE;
				CLANG_CXX_LANGUAGE_STANDARD = "gnu++20";
				CLANG_ENABLE_MODULES = YES;
				CLANG_ENABLE_OBJC_ARC = YES;
				CLANG_ENABLE_OBJC_WEAK = YES;
				CLANG_WARN_BLOCK_CAPTURE_AUTORELEASING = YES;
				CLANG_WARN_BOOL_CONVERSION = YES;
				CLANG_WARN_COMMA = YES;
				CLANG_WARN_CONSTANT_CONVERSION = YES;
				CLANG_WARN_DEPRECATED_OBJC_IMPLEMENTATIONS = YES;
				CLANG_WARN_DIRECT_OBJC_ISA_USAGE = YES_ERROR;
				CLANG_WARN_DOCUMENTATION_COMMENTS = YES;
				CLANG_WARN_EMPTY_BODY = YES;
				CLANG_WARN_ENUM_CONVERSION = YES;
				CLANG_WARN_INFINITE_RECURSION = YES;
				CLANG_WARN_INT_CONVERSION = YES;
				CLANG_WARN_NON_LITERAL_NULL_CONVERSION = YES;
				CLANG_WARN_OBJC_IMPLICIT_RETAIN_SELF = YES;
				CLANG_WARN_OBJC_LITERAL_CONVERSION = YES;
				CLANG_WARN_OBJC_ROOT_CLASS = YES_ERROR;
				CLANG_WARN_QUOTED_INCLUDE_IN_FRAMEWORK_HEADER = YES;
				CLANG_WARN_RANGE_LOOP_ANALYSIS = YES;
				CLANG_WARN_STRICT_PROTOTYPES = YES;
				CLANG_WARN_SUSPICIOUS_MOVE = YES;
				CLANG_WARN_UNGUARDED_AVAILABILITY = YES_AGGRESSIVE;
				CLANG_WARN_UNREACHABLE_CODE = YES;
				CLANG_WARN__DUPLICATE_METHOD_MATCH = YES;
				COPY_PHASE_STRIP = NO;
				DEBUG_INFORMATION_FORMAT = dwarf;
				ENABLE_STRICT_OBJC_MSGSEND = YES;
				ENABLE_TESTABILITY = YES;
				GCC_C_LANGUAGE_STANDARD = gnu11;
				GCC_DYNAMIC_NO_PIC = NO;
				GCC_NO_COMMON_BLOCKS = YES;
				GCC_OPTIMIZATION_LEVEL = 0;
				GCC_PREPROCESSOR_DEFINITIONS = (
					"DEBUG=1",
					"$(inherited)",
				);
				GCC_WARN_64_TO_32_BIT_CONVERSION = YES;
				GCC_WARN_ABOUT_RETURN_TYPE = YES_ERROR;
				GCC_WARN_UNDECLARED_SELECTOR = YES;
				GCC_WARN_UNINITIALIZED_AUTOS = YES_AGGRESSIVE;
				GCC_WARN_UNUSED_FUNCTION = YES;
				GCC_WARN_UNUSED_VARIABLE = YES;
				IPHONEOS_DEPLOYMENT_TARGET = 16.1;
				MTL_ENABLE_DEBUG_INFO = INCLUDE_SOURCE;
				MTL_FAST_MATH = YES;
				ONLY_ACTIVE_ARCH = YES;
				SDKROOT = iphoneos;
				SWIFT_ACTIVE_COMPILATION_CONDITIONS = DEBUG;
				SWIFT_OPTIMIZATION_LEVEL = "-Onone";
			};
			name = Debug;
		};
		01649399293781DC00F69A4F /* Release */ = {
			isa = XCBuildConfiguration;
			buildSettings = {
				ALWAYS_SEARCH_USER_PATHS = NO;
				CLANG_ANALYZER_NONNULL = YES;
				CLANG_ANALYZER_NUMBER_OBJECT_CONVERSION = YES_AGGRESSIVE;
				CLANG_CXX_LANGUAGE_STANDARD = "gnu++20";
				CLANG_ENABLE_MODULES = YES;
				CLANG_ENABLE_OBJC_ARC = YES;
				CLANG_ENABLE_OBJC_WEAK = YES;
				CLANG_WARN_BLOCK_CAPTURE_AUTORELEASING = YES;
				CLANG_WARN_BOOL_CONVERSION = YES;
				CLANG_WARN_COMMA = YES;
				CLANG_WARN_CONSTANT_CONVERSION = YES;
				CLANG_WARN_DEPRECATED_OBJC_IMPLEMENTATIONS = YES;
				CLANG_WARN_DIRECT_OBJC_ISA_USAGE = YES_ERROR;
				CLANG_WARN_DOCUMENTATION_COMMENTS = YES;
				CLANG_WARN_EMPTY_BODY = YES;
				CLANG_WARN_ENUM_CONVERSION = YES;
				CLANG_WARN_INFINITE_RECURSION = YES;
				CLANG_WARN_INT_CONVERSION = YES;
				CLANG_WARN_NON_LITERAL_NULL_CONVERSION = YES;
				CLANG_WARN_OBJC_IMPLICIT_RETAIN_SELF = YES;
				CLANG_WARN_OBJC_LITERAL_CONVERSION = YES;
				CLANG_WARN_OBJC_ROOT_CLASS = YES_ERROR;
				CLANG_WARN_QUOTED_INCLUDE_IN_FRAMEWORK_HEADER = YES;
				CLANG_WARN_RANGE_LOOP_ANALYSIS = YES;
				CLANG_WARN_STRICT_PROTOTYPES = YES;
				CLANG_WARN_SUSPICIOUS_MOVE = YES;
				CLANG_WARN_UNGUARDED_AVAILABILITY = YES_AGGRESSIVE;
				CLANG_WARN_UNREACHABLE_CODE = YES;
				CLANG_WARN__DUPLICATE_METHOD_MATCH = YES;
				COPY_PHASE_STRIP = NO;
				DEBUG_INFORMATION_FORMAT = "dwarf-with-dsym";
				ENABLE_NS_ASSERTIONS = NO;
				ENABLE_STRICT_OBJC_MSGSEND = YES;
				GCC_C_LANGUAGE_STANDARD = gnu11;
				GCC_NO_COMMON_BLOCKS = YES;
				GCC_WARN_64_TO_32_BIT_CONVERSION = YES;
				GCC_WARN_ABOUT_RETURN_TYPE = YES_ERROR;
				GCC_WARN_UNDECLARED_SELECTOR = YES;
				GCC_WARN_UNINITIALIZED_AUTOS = YES_AGGRESSIVE;
				GCC_WARN_UNUSED_FUNCTION = YES;
				GCC_WARN_UNUSED_VARIABLE = YES;
				IPHONEOS_DEPLOYMENT_TARGET = 16.1;
				MTL_ENABLE_DEBUG_INFO = NO;
				MTL_FAST_MATH = YES;
				SDKROOT = iphoneos;
				SWIFT_COMPILATION_MODE = wholemodule;
				SWIFT_OPTIMIZATION_LEVEL = "-O";
				VALIDATE_PRODUCT = YES;
			};
			name = Release;
		};
		0164939B293781DC00F69A4F /* Debug */ = {
			isa = XCBuildConfiguration;
			buildSettings = {
				ASSETCATALOG_COMPILER_APPICON_NAME = AppIcon;
				ASSETCATALOG_COMPILER_GLOBAL_ACCENT_COLOR_NAME = AccentColor;
				CODE_SIGN_STYLE = Automatic;
				CURRENT_PROJECT_VERSION = 1;
				DEVELOPMENT_TEAM = 6XCD62785X;
				GENERATE_INFOPLIST_FILE = YES;
				INFOPLIST_FILE = DataCoreProject/Info.plist;
				INFOPLIST_KEY_UIApplicationSupportsIndirectInputEvents = YES;
				INFOPLIST_KEY_UILaunchStoryboardName = LaunchScreen;
				INFOPLIST_KEY_UIMainStoryboardFile = Main;
				INFOPLIST_KEY_UISupportedInterfaceOrientations_iPad = "UIInterfaceOrientationPortrait UIInterfaceOrientationPortraitUpsideDown UIInterfaceOrientationLandscapeLeft UIInterfaceOrientationLandscapeRight";
				INFOPLIST_KEY_UISupportedInterfaceOrientations_iPhone = "UIInterfaceOrientationPortrait UIInterfaceOrientationLandscapeLeft UIInterfaceOrientationLandscapeRight";
				LD_RUNPATH_SEARCH_PATHS = (
					"$(inherited)",
					"@executable_path/Frameworks",
				);
				MARKETING_VERSION = 1.0;
				PRODUCT_BUNDLE_IDENTIFIER = de.stefan.DataCoreProject;
				PRODUCT_NAME = "$(TARGET_NAME)";
				SWIFT_EMIT_LOC_STRINGS = YES;
				SWIFT_VERSION = 5.0;
				TARGETED_DEVICE_FAMILY = "1,2";
			};
			name = Debug;
		};
		0164939C293781DC00F69A4F /* Release */ = {
			isa = XCBuildConfiguration;
			buildSettings = {
				ASSETCATALOG_COMPILER_APPICON_NAME = AppIcon;
				ASSETCATALOG_COMPILER_GLOBAL_ACCENT_COLOR_NAME = AccentColor;
				CODE_SIGN_STYLE = Automatic;
				CURRENT_PROJECT_VERSION = 1;
				DEVELOPMENT_TEAM = 6XCD62785X;
				GENERATE_INFOPLIST_FILE = YES;
				INFOPLIST_FILE = DataCoreProject/Info.plist;
				INFOPLIST_KEY_UIApplicationSupportsIndirectInputEvents = YES;
				INFOPLIST_KEY_UILaunchStoryboardName = LaunchScreen;
				INFOPLIST_KEY_UIMainStoryboardFile = Main;
				INFOPLIST_KEY_UISupportedInterfaceOrientations_iPad = "UIInterfaceOrientationPortrait UIInterfaceOrientationPortraitUpsideDown UIInterfaceOrientationLandscapeLeft UIInterfaceOrientationLandscapeRight";
				INFOPLIST_KEY_UISupportedInterfaceOrientations_iPhone = "UIInterfaceOrientationPortrait UIInterfaceOrientationLandscapeLeft UIInterfaceOrientationLandscapeRight";
				LD_RUNPATH_SEARCH_PATHS = (
					"$(inherited)",
					"@executable_path/Frameworks",
				);
				MARKETING_VERSION = 1.0;
				PRODUCT_BUNDLE_IDENTIFIER = de.stefan.DataCoreProject;
				PRODUCT_NAME = "$(TARGET_NAME)";
				SWIFT_EMIT_LOC_STRINGS = YES;
				SWIFT_VERSION = 5.0;
				TARGETED_DEVICE_FAMILY = "1,2";
			};
			name = Release;
		};
/* End XCBuildConfiguration section */

/* Begin XCConfigurationList section */
		01649381293781DB00F69A4F /* Build configuration list for PBXProject "DataCoreProject" */ = {
			isa = XCConfigurationList;
			buildConfigurations = (
				01649398293781DC00F69A4F /* Debug */,
				01649399293781DC00F69A4F /* Release */,
			);
			defaultConfigurationIsVisible = 0;
			defaultConfigurationName = Release;
		};
		0164939A293781DC00F69A4F /* Build configuration list for PBXNativeTarget "DataCoreProject" */ = {
			isa = XCConfigurationList;
			buildConfigurations = (
				0164939B293781DC00F69A4F /* Debug */,
				0164939C293781DC00F69A4F /* Release */,
			);
			defaultConfigurationIsVisible = 0;
			defaultConfigurationName = Release;
		};
/* End XCConfigurationList section */

/* Begin XCVersionGroup section */
		0164939D293783D600F69A4F /* DataCoreProject.xcdatamodeld */ = {
			isa = XCVersionGroup;
			children = (
				0164939E293783D600F69A4F /* DataCoreProject.xcdatamodel */,
			);
			currentVersion = 0164939E293783D600F69A4F /* DataCoreProject.xcdatamodel */;
			path = DataCoreProject.xcdatamodeld;
			sourceTree = "<group>";
			versionGroupType = wrapper.xcdatamodel;
		};
/* End XCVersionGroup section */
	};
	rootObject = 0164937E293781DB00F69A4F /* Project object */;
}
